<?xml version="1.0" encoding="utf-8"?>
<Project ToolsVersion="4.0" xmlns="http://schemas.microsoft.com/developer/msbuild/2003">
  <ItemGroup>
    <Filter Include="Source Files">
      <UniqueIdentifier>{4FC737F1-C7A5-4376-A066-2A32D752A2FF}</UniqueIdentifier>
      <Extensions>cpp;c;cc;cxx;c++;cppm;ixx;def;odl;idl;hpj;bat;asm;asmx</Extensions>
    </Filter>
    <Filter Include="Header Files">
      <UniqueIdentifier>{93995380-89BD-4b04-88EB-625FBE52EBFB}</UniqueIdentifier>
      <Extensions>h;hh;hpp;hxx;h++;hm;inl;inc;ipp;xsd</Extensions>
    </Filter>
    <Filter Include="Resource Files">
      <UniqueIdentifier>{67DA6AB6-F800-4c08-8B7A-83BB121AAD01}</UniqueIdentifier>
      <Extensions>rc;ico;cur;bmp;dlg;rc2;rct;bin;rgs;gif;jpg;jpeg;jpe;resx;tiff;tif;png;wav;mfcribbon-ms</Extensions>
    </Filter>
    <Filter Include="Graphics">
      <UniqueIdentifier>{5cf1630e-130e-4821-8fca-c6ad2927bed6}</UniqueIdentifier>
    </Filter>
    <Filter Include="Graphics\Header files">
      <UniqueIdentifier>{27fca441-98b2-483c-909d-31a24888728b}</UniqueIdentifier>
    </Filter>
    <Filter Include="Graphics\Source files">
      <UniqueIdentifier>{8d14e278-e742-4875-a5f8-61cb9732b190}</UniqueIdentifier>
    </Filter>
  </ItemGroup>
  <ItemGroup>
    <ClCompile Include="main.cpp">
      <Filter>Source Files</Filter>
    </ClCompile>
    <ClCompile Include="SimDisplay.cpp">
      <Filter>Graphics\Source files</Filter>
    </ClCompile>
    <ClCompile Include="SDL_Logger.cpp">
      <Filter>Graphics\Source files</Filter>
    </ClCompile>
    <ClCompile Include="InputManager.cpp">
      <Filter>Graphics\Source files</Filter>
    </ClCompile>
    <ClCompile Include="Button.cpp">
      <Filter>Graphics\Source files</Filter>
    </ClCompile>
    <ClCompile Include="PauseButton.cpp">
      <Filter>Source Files</Filter>
    </ClCompile>
  </ItemGroup>
  <ItemGroup>
    <ClInclude Include="SimDisplay.h">
      <Filter>Graphics\Header files</Filter>
    </ClInclude>
    <ClInclude Include="SDL_Exception.h">
      <Filter>Graphics\Header files</Filter>
    </ClInclude>
    <ClInclude Include="SDL_Logger.h">
      <Filter>Graphics\Header files</Filter>
    </ClInclude>
    <ClInclude Include="InputManager.h">
      <Filter>Graphics\Header files</Filter>
    </ClInclude>
    <ClInclude Include="Button.h">
      <Filter>Graphics\Header files</Filter>
    </ClInclude>
    <ClInclude Include="PauseButton.h">
      <Filter>Header Files</Filter>
    </ClInclude>
    <ClInclude Include="IEventObserver.h">
      <Filter>Graphics\Header files</Filter>
    </ClInclude>
  </ItemGroup>
</Project>