<?xml version="1.0" encoding="utf-8"?>
<Project ToolsVersion="4.0" xmlns="http://schemas.microsoft.com/developer/msbuild/2003">
  <ItemGroup>
    <Filter Include="Source Files">
      <UniqueIdentifier>{4FC737F1-C7A5-4376-A066-2A32D752A2FF}</UniqueIdentifier>
      <Extensions>cpp;c;cc;cxx;c++;cppm;ixx;def;odl;idl;hpj;bat;asm;asmx</Extensions>
    </Filter>
    <Filter Include="Header Files">
      <UniqueIdentifier>{93995380-89BD-4b04-88EB-625FBE52EBFB}</UniqueIdentifier>
      <Extensions>h;hh;hpp;hxx;h++;hm;inl;inc;ipp;xsd</Extensions>
    </Filter>
    <Filter Include="Resource Files">
      <UniqueIdentifier>{67DA6AB6-F800-4c08-8B7A-83BB121AAD01}</UniqueIdentifier>
      <Extensions>rc;ico;cur;bmp;dlg;rc2;rct;bin;rgs;gif;jpg;jpeg;jpe;resx;tiff;tif;png;wav;mfcribbon-ms</Extensions>
    </Filter>
    <Filter Include="Graphics">
      <UniqueIdentifier>{5cf1630e-130e-4821-8fca-c6ad2927bed6}</UniqueIdentifier>
    </Filter>
    <Filter Include="Graphics\Header files">
      <UniqueIdentifier>{27fca441-98b2-483c-909d-31a24888728b}</UniqueIdentifier>
    </Filter>
    <Filter Include="Graphics\Source files">
      <UniqueIdentifier>{8d14e278-e742-4875-a5f8-61cb9732b190}</UniqueIdentifier>
    </Filter>
    <Filter Include="Header Files\Agent">
      <UniqueIdentifier>{b5fbef9e-3e4e-44b1-b95e-2e33172870fa}</UniqueIdentifier>
    </Filter>
    <Filter Include="Header Files\Agent\Events">
      <UniqueIdentifier>{c835fe56-81ca-4308-a614-bac7f6201ffd}</UniqueIdentifier>
    </Filter>
    <Filter Include="Header Files\Agent\Behaviors">
      <UniqueIdentifier>{2596f06a-723a-4572-af2a-df7920431d53}</UniqueIdentifier>
    </Filter>
    <Filter Include="Header Files\Agent\Behaviors\Actions">
      <UniqueIdentifier>{7e5771aa-5450-4e73-bc5f-25680036f19f}</UniqueIdentifier>
    </Filter>
    <Filter Include="Source Files\Agent">
      <UniqueIdentifier>{7ef3ec9f-05fd-44cb-9a8f-0382f633905d}</UniqueIdentifier>
    </Filter>
    <Filter Include="Source Files\Agent\Behaviors">
      <UniqueIdentifier>{74a571d4-c668-460d-baf8-f9425ee2f773}</UniqueIdentifier>
    </Filter>
    <Filter Include="Source Files\Agent\Behaviors\Actions">
      <UniqueIdentifier>{4b3928b4-b0da-4f53-bced-0e569e4d1dc1}</UniqueIdentifier>
    </Filter>
    <Filter Include="Source Files\Agent\Events">
      <UniqueIdentifier>{5176a91d-ef55-4435-869f-a035a9ee1d68}</UniqueIdentifier>
    </Filter>
    <Filter Include="Header Files\Utility">
      <UniqueIdentifier>{dae02f8f-9bcf-48b0-aea6-374778ee8566}</UniqueIdentifier>
    </Filter>
  </ItemGroup>
  <ItemGroup>
    <ClCompile Include="main.cpp">
      <Filter>Source Files</Filter>
    </ClCompile>
    <ClCompile Include="SimDisplay.cpp">
      <Filter>Graphics\Source files</Filter>
    </ClCompile>
    <ClCompile Include="SDL_Logger.cpp">
      <Filter>Graphics\Source files</Filter>
    </ClCompile>
    <ClCompile Include="Sandbox.cpp">
      <Filter>Source Files</Filter>
    </ClCompile>
    <ClCompile Include="Transform.cpp">
      <Filter>Source Files</Filter>
    </ClCompile>
    <ClCompile Include="Resource.cpp">
      <Filter>Source Files</Filter>
    </ClCompile>
    <ClCompile Include="Wall.cpp">
      <Filter>Source Files</Filter>
    </ClCompile>
    <ClCompile Include="Agent.cpp">
      <Filter>Source Files\Agent</Filter>
    </ClCompile>
    <ClCompile Include="Behavior.cpp">
      <Filter>Source Files\Agent\Behaviors</Filter>
    </ClCompile>
    <ClCompile Include="AgentController.cpp">
      <Filter>Source Files\Agent</Filter>
    </ClCompile>
    <ClCompile Include="EventInfo.cpp">
      <Filter>Source Files\Agent\Events</Filter>
    </ClCompile>
    <ClCompile Include="Reaction.cpp">
      <Filter>Source Files\Agent\Behaviors</Filter>
    </ClCompile>
  </ItemGroup>
  <ItemGroup>
    <ClInclude Include="SimDisplay.h">
      <Filter>Graphics\Header files</Filter>
    </ClInclude>
    <ClInclude Include="SDL_Exception.h">
      <Filter>Graphics\Header files</Filter>
    </ClInclude>
    <ClInclude Include="SDL_Logger.h">
      <Filter>Graphics\Header files</Filter>
    </ClInclude>
    <ClInclude Include="Entity.h">
      <Filter>Header Files</Filter>
    </ClInclude>
    <ClInclude Include="Sandbox.h">
      <Filter>Header Files</Filter>
    </ClInclude>
    <ClInclude Include="Transform.h">
      <Filter>Header Files</Filter>
    </ClInclude>
    <ClInclude Include="Resource.h">
      <Filter>Header Files</Filter>
    </ClInclude>
    <ClInclude Include="Wall.h">
      <Filter>Header Files</Filter>
    </ClInclude>
    <ClInclude Include="Agent.h">
      <Filter>Header Files\Agent</Filter>
    </ClInclude>
    <ClInclude Include="runtime_assert.h">
      <Filter>Header Files\Utility</Filter>
    </ClInclude>
    <ClInclude Include="Action.h">
      <Filter>Header Files\Agent\Behaviors\Actions</Filter>
    </ClInclude>
    <ClInclude Include="Behavior.h">
      <Filter>Header Files\Agent\Behaviors</Filter>
    </ClInclude>
    <ClInclude Include="AgentController.h">
      <Filter>Header Files\Agent</Filter>
    </ClInclude>
    <ClInclude Include="EventInfo.h">
      <Filter>Header Files\Agent\Events</Filter>
    </ClInclude>
    <ClInclude Include="Event.h">
      <Filter>Header Files\Agent\Events</Filter>
    </ClInclude>
    <ClInclude Include="Reaction.h">
      <Filter>Header Files\Agent\Behaviors</Filter>
    </ClInclude>
  </ItemGroup>
</Project>